
Microsoft Visual Studio Solution File, Format Version 12.00
Project("{FAE04EC0-301F-11D3-BF4B-00C04F79EFBC}") = "CSharpChallenges", "CSharpChallenges.csproj", "{AE6FB67F-CC2E-448A-B471-93C640457763}"
EndProject
Global
	GlobalSection(SolutionConfigurationPlatforms) = preSolution
		Debug|Any CPU = Debug|Any CPU
		Release|Any CPU = Release|Any CPU
	EndGlobalSection
	GlobalSection(ProjectConfigurationPlatforms) = postSolution
		{AE6FB67F-CC2E-448A-B471-93C640457763}.Debug|Any CPU.ActiveCfg = Debug|Any CPU
		{AE6FB67F-CC2E-448A-B471-93C640457763}.Debug|Any CPU.Build.0 = Debug|Any CPU
		{AE6FB67F-CC2E-448A-B471-93C640457763}.Release|Any CPU.ActiveCfg = Release|Any CPU
		{AE6FB67F-CC2E-448A-B471-93C640457763}.Release|Any CPU.Build.0 = Release|Any CPU
	EndGlobalSection
EndGlobal
